{
  "name": "app",
  "version": "1.0.0",
  "lockfileVersion": 2,
  "requires": true,
  "packages": {
    "": {
      "name": "app",
      "version": "1.0.0",
      "license": "ISC",
      "dependencies": {
        "main": "^1000.0.1"
      }
    },
    "node_modules/main": {
      "version": "1000.0.1",
      "resolved": "https://registry.npmjs.org/main/-/main-1000.0.1.tgz",
      "integrity": "sha512-zhB0yIsogMo0xGJEusCzS4I13ejvhEJ1MOWi1OR4n77HyhlqgvNNwhOOt5moSdTYd+Vi8B4wPE/MDmhquNHxrA=="
    }
  },
  "dependencies": {
    "main": {
      "version": "1000.0.1",
      "resolved": "https://registry.npmjs.org/main/-/main-1000.0.1.tgz",
      "integrity": "sha512-zhB0yIsogMo0xGJEusCzS4I13ejvhEJ1MOWi1OR4n77HyhlqgvNNwhOOt5moSdTYd+Vi8B4wPE/MDmhquNHxrA=="
    }
  }
}
